
Microsoft Visual Studio Solution File, Format Version 12.00
# Visual Studio Version 16
VisualStudioVersion = 16.0.31424.327
MinimumVisualStudioVersion = 10.0.40219.1
Project("{FAE04EC0-301F-11D3-BF4B-00C04F79EFBC}") = "Практики", "Практики\Практики.csproj", "{740141CD-DEC2-483F-8F5C-648C30713390}"
EndProject
Project("{FAE04EC0-301F-11D3-BF4B-00C04F79EFBC}") = "Практика 1", "Практика 1\Практика 1.csproj", "{02665007-0498-4655-9F94-AADA8C58F75F}"
EndProject
Project("{FAE04EC0-301F-11D3-BF4B-00C04F79EFBC}") = "Практика 2", "Практика 2\Практика 2.csproj", "{35EB8697-BD1B-4EB5-8655-EF993AD9D74A}"
EndProject
Project("{FAE04EC0-301F-11D3-BF4B-00C04F79EFBC}") = "Практика 3", "Практика 3\Практика 3.csproj", "{AF0F3C8A-9927-49BD-8A99-CE79345F81CB}"
EndProject
Project("{FAE04EC0-301F-11D3-BF4B-00C04F79EFBC}") = "Практика 4", "Практика 4\Практика 4.csproj", "{33282CF3-06BA-42A6-80BE-94CC1677CDE6}"
EndProject
Project("{FAE04EC0-301F-11D3-BF4B-00C04F79EFBC}") = "Урок03.10", "Урок03.10\Урок03.10.csproj", "{F799301F-9D1E-4333-B018-7C142D0E7039}"
EndProject
Project("{FAE04EC0-301F-11D3-BF4B-00C04F79EFBC}") = "Фоновая 1.1", "Фоновая 1.1\Фоновая 1.1.csproj", "{592A01F6-A0CB-4BCF-A2D1-7CE7A72AAF68}"
EndProject
Project("{FAE04EC0-301F-11D3-BF4B-00C04F79EFBC}") = "Фоновая 1.2", "Фоновая 1.2\Фоновая 1.2.csproj", "{ECFB0517-393A-45B4-8083-BEEDEBE94FC5}"
EndProject
Project("{FAE04EC0-301F-11D3-BF4B-00C04F79EFBC}") = "БинПоиск", "БинПоиск\БинПоиск.csproj", "{8AA50545-D36E-4A9A-8CA7-A99786DD3951}"
EndProject
Project("{FAE04EC0-301F-11D3-BF4B-00C04F79EFBC}") = "Практика 7", "Практика 7\Практика 7.csproj", "{4DA84E6D-4D74-4E9B-9489-F28034CC793D}"
EndProject
Project("{FAE04EC0-301F-11D3-BF4B-00C04F79EFBC}") = "Практика 8", "Практика 8\Практика 8.csproj", "{3B55FA6D-3953-4419-A2AD-A690FD7331B7}"
EndProject
Project("{FAE04EC0-301F-11D3-BF4B-00C04F79EFBC}") = "Фоновая 2", "Фоновая 2\Фоновая 2.csproj", "{70887E1C-CE76-4DF4-990D-BA42F76489F1}"
EndProject
Project("{FAE04EC0-301F-11D3-BF4B-00C04F79EFBC}") = "Практика 9", "Практика 9\Практика 9.csproj", "{9A60DDB8-AA37-481C-B0CE-CAEFBE14ACE7}"
EndProject
Project("{FAE04EC0-301F-11D3-BF4B-00C04F79EFBC}") = "Творческая архиватор", "Творческая архиватор\Творческая архиватор.csproj", "{3F676428-2109-4DAC-BC08-094BE6047FA7}"
EndProject
Project("{FAE04EC0-301F-11D3-BF4B-00C04F79EFBC}") = "Практика 10", "Практика 10\Практика 10.csproj", "{6CCC04E3-D583-4621-8164-1FC055B0D299}"
EndProject
Project("{FAE04EC0-301F-11D3-BF4B-00C04F79EFBC}") = "Фоновая 3.1", "Фоновая 3.1\Фоновая 3.1.csproj", "{30068E5E-22F4-4072-A1C7-2FC5C02CBF0C}"
EndProject
Project("{FAE04EC0-301F-11D3-BF4B-00C04F79EFBC}") = "Практика 11", "Практика 11\Практика 11.csproj", "{6FD2C930-9C2C-4A51-8607-0047A8E44B33}"
EndProject
Project("{FAE04EC0-301F-11D3-BF4B-00C04F79EFBC}") = "Фоновая 3.2", "Фоновая 3.2\Фоновая 3.2.csproj", "{1725523D-5409-423F-8010-9B7D77115FEE}"
EndProject
Project("{FAE04EC0-301F-11D3-BF4B-00C04F79EFBC}") = "Ввод текста из файлов", "Ввод текста из файлов\Ввод текста из файлов.csproj", "{4B2E1AFD-C0A7-496D-89C0-9E0F78796A78}"
EndProject
Project("{FAE04EC0-301F-11D3-BF4B-00C04F79EFBC}") = "Практика 12", "Практика 12\Практика 12.csproj", "{6D82CC32-B108-49DD-938C-75480759ABC2}"
EndProject
Project("{FAE04EC0-301F-11D3-BF4B-00C04F79EFBC}") = "Алгоритмы массивов", "Алгоритмы массивов\Алгоритмы массивов.csproj", "{7A3A7B10-26F0-4908-B967-CEE026CFA96E}"
EndProject
Project("{FAE04EC0-301F-11D3-BF4B-00C04F79EFBC}") = "Алгоритмы сортировки", "Алгоритмы сортировки\Алгоритмы сортировки.csproj", "{4B342FB1-655D-418E-BA00-7D7BF0384CB2}"
EndProject
Project("{FAE04EC0-301F-11D3-BF4B-00C04F79EFBC}") = "Фоновая 4.1", "Фоновая 4.1\Фоновая 4.1.csproj", "{BA3B0733-B9C8-4D1D-9C71-F2472E9F58E7}"
EndProject
Project("{FAE04EC0-301F-11D3-BF4B-00C04F79EFBC}") = "Практика 13", "Практика 13\Практика 13.csproj", "{BC17C0EA-0188-45D5-AE94-7CD676831369}"
EndProject
Project("{FAE04EC0-301F-11D3-BF4B-00C04F79EFBC}") = "Практика 14", "Практика 14\Практика 14.csproj", "{5EF99C45-1DEB-469F-BDDC-2F6ED522E19D}"
EndProject
Project("{FAE04EC0-301F-11D3-BF4B-00C04F79EFBC}") = "Проект_5_модуля", "Проект_5_модуля\Проект_5_модуля.csproj", "{17EF3D85-F80A-4DC8-8E09-6DD77ACC0496}"
EndProject
Global
	GlobalSection(SolutionConfigurationPlatforms) = preSolution
		Debug|Any CPU = Debug|Any CPU
		Release|Any CPU = Release|Any CPU
	EndGlobalSection
	GlobalSection(ProjectConfigurationPlatforms) = postSolution
		{740141CD-DEC2-483F-8F5C-648C30713390}.Debug|Any CPU.ActiveCfg = Debug|Any CPU
		{740141CD-DEC2-483F-8F5C-648C30713390}.Debug|Any CPU.Build.0 = Debug|Any CPU
		{740141CD-DEC2-483F-8F5C-648C30713390}.Release|Any CPU.ActiveCfg = Release|Any CPU
		{740141CD-DEC2-483F-8F5C-648C30713390}.Release|Any CPU.Build.0 = Release|Any CPU
		{02665007-0498-4655-9F94-AADA8C58F75F}.Debug|Any CPU.ActiveCfg = Debug|Any CPU
		{02665007-0498-4655-9F94-AADA8C58F75F}.Debug|Any CPU.Build.0 = Debug|Any CPU
		{02665007-0498-4655-9F94-AADA8C58F75F}.Release|Any CPU.ActiveCfg = Release|Any CPU
		{02665007-0498-4655-9F94-AADA8C58F75F}.Release|Any CPU.Build.0 = Release|Any CPU
		{35EB8697-BD1B-4EB5-8655-EF993AD9D74A}.Debug|Any CPU.ActiveCfg = Debug|Any CPU
		{35EB8697-BD1B-4EB5-8655-EF993AD9D74A}.Debug|Any CPU.Build.0 = Debug|Any CPU
		{35EB8697-BD1B-4EB5-8655-EF993AD9D74A}.Release|Any CPU.ActiveCfg = Release|Any CPU
		{35EB8697-BD1B-4EB5-8655-EF993AD9D74A}.Release|Any CPU.Build.0 = Release|Any CPU
		{AF0F3C8A-9927-49BD-8A99-CE79345F81CB}.Debug|Any CPU.ActiveCfg = Debug|Any CPU
		{AF0F3C8A-9927-49BD-8A99-CE79345F81CB}.Debug|Any CPU.Build.0 = Debug|Any CPU
		{AF0F3C8A-9927-49BD-8A99-CE79345F81CB}.Release|Any CPU.ActiveCfg = Release|Any CPU
		{AF0F3C8A-9927-49BD-8A99-CE79345F81CB}.Release|Any CPU.Build.0 = Release|Any CPU
		{33282CF3-06BA-42A6-80BE-94CC1677CDE6}.Debug|Any CPU.ActiveCfg = Debug|Any CPU
		{33282CF3-06BA-42A6-80BE-94CC1677CDE6}.Debug|Any CPU.Build.0 = Debug|Any CPU
		{33282CF3-06BA-42A6-80BE-94CC1677CDE6}.Release|Any CPU.ActiveCfg = Release|Any CPU
		{33282CF3-06BA-42A6-80BE-94CC1677CDE6}.Release|Any CPU.Build.0 = Release|Any CPU
		{F799301F-9D1E-4333-B018-7C142D0E7039}.Debug|Any CPU.ActiveCfg = Debug|Any CPU
		{F799301F-9D1E-4333-B018-7C142D0E7039}.Debug|Any CPU.Build.0 = Debug|Any CPU
		{F799301F-9D1E-4333-B018-7C142D0E7039}.Release|Any CPU.ActiveCfg = Release|Any CPU
		{F799301F-9D1E-4333-B018-7C142D0E7039}.Release|Any CPU.Build.0 = Release|Any CPU
		{592A01F6-A0CB-4BCF-A2D1-7CE7A72AAF68}.Debug|Any CPU.ActiveCfg = Debug|Any CPU
		{592A01F6-A0CB-4BCF-A2D1-7CE7A72AAF68}.Debug|Any CPU.Build.0 = Debug|Any CPU
		{592A01F6-A0CB-4BCF-A2D1-7CE7A72AAF68}.Release|Any CPU.ActiveCfg = Release|Any CPU
		{592A01F6-A0CB-4BCF-A2D1-7CE7A72AAF68}.Release|Any CPU.Build.0 = Release|Any CPU
		{ECFB0517-393A-45B4-8083-BEEDEBE94FC5}.Debug|Any CPU.ActiveCfg = Debug|Any CPU
		{ECFB0517-393A-45B4-8083-BEEDEBE94FC5}.Debug|Any CPU.Build.0 = Debug|Any CPU
		{ECFB0517-393A-45B4-8083-BEEDEBE94FC5}.Release|Any CPU.ActiveCfg = Release|Any CPU
		{ECFB0517-393A-45B4-8083-BEEDEBE94FC5}.Release|Any CPU.Build.0 = Release|Any CPU
		{8AA50545-D36E-4A9A-8CA7-A99786DD3951}.Debug|Any CPU.ActiveCfg = Debug|Any CPU
		{8AA50545-D36E-4A9A-8CA7-A99786DD3951}.Debug|Any CPU.Build.0 = Debug|Any CPU
		{8AA50545-D36E-4A9A-8CA7-A99786DD3951}.Release|Any CPU.ActiveCfg = Release|Any CPU
		{8AA50545-D36E-4A9A-8CA7-A99786DD3951}.Release|Any CPU.Build.0 = Release|Any CPU
		{4DA84E6D-4D74-4E9B-9489-F28034CC793D}.Debug|Any CPU.ActiveCfg = Debug|Any CPU
		{4DA84E6D-4D74-4E9B-9489-F28034CC793D}.Debug|Any CPU.Build.0 = Debug|Any CPU
		{4DA84E6D-4D74-4E9B-9489-F28034CC793D}.Release|Any CPU.ActiveCfg = Release|Any CPU
		{4DA84E6D-4D74-4E9B-9489-F28034CC793D}.Release|Any CPU.Build.0 = Release|Any CPU
		{3B55FA6D-3953-4419-A2AD-A690FD7331B7}.Debug|Any CPU.ActiveCfg = Debug|Any CPU
		{3B55FA6D-3953-4419-A2AD-A690FD7331B7}.Debug|Any CPU.Build.0 = Debug|Any CPU
		{3B55FA6D-3953-4419-A2AD-A690FD7331B7}.Release|Any CPU.ActiveCfg = Release|Any CPU
		{3B55FA6D-3953-4419-A2AD-A690FD7331B7}.Release|Any CPU.Build.0 = Release|Any CPU
		{70887E1C-CE76-4DF4-990D-BA42F76489F1}.Debug|Any CPU.ActiveCfg = Debug|Any CPU
		{70887E1C-CE76-4DF4-990D-BA42F76489F1}.Debug|Any CPU.Build.0 = Debug|Any CPU
		{70887E1C-CE76-4DF4-990D-BA42F76489F1}.Release|Any CPU.ActiveCfg = Release|Any CPU
		{70887E1C-CE76-4DF4-990D-BA42F76489F1}.Release|Any CPU.Build.0 = Release|Any CPU
		{9A60DDB8-AA37-481C-B0CE-CAEFBE14ACE7}.Debug|Any CPU.ActiveCfg = Debug|Any CPU
		{9A60DDB8-AA37-481C-B0CE-CAEFBE14ACE7}.Debug|Any CPU.Build.0 = Debug|Any CPU
		{9A60DDB8-AA37-481C-B0CE-CAEFBE14ACE7}.Release|Any CPU.ActiveCfg = Release|Any CPU
		{9A60DDB8-AA37-481C-B0CE-CAEFBE14ACE7}.Release|Any CPU.Build.0 = Release|Any CPU
		{3F676428-2109-4DAC-BC08-094BE6047FA7}.Debug|Any CPU.ActiveCfg = Debug|Any CPU
		{3F676428-2109-4DAC-BC08-094BE6047FA7}.Debug|Any CPU.Build.0 = Debug|Any CPU
		{3F676428-2109-4DAC-BC08-094BE6047FA7}.Release|Any CPU.ActiveCfg = Release|Any CPU
		{3F676428-2109-4DAC-BC08-094BE6047FA7}.Release|Any CPU.Build.0 = Release|Any CPU
		{6CCC04E3-D583-4621-8164-1FC055B0D299}.Debug|Any CPU.ActiveCfg = Debug|Any CPU
		{6CCC04E3-D583-4621-8164-1FC055B0D299}.Debug|Any CPU.Build.0 = Debug|Any CPU
		{6CCC04E3-D583-4621-8164-1FC055B0D299}.Release|Any CPU.ActiveCfg = Release|Any CPU
		{6CCC04E3-D583-4621-8164-1FC055B0D299}.Release|Any CPU.Build.0 = Release|Any CPU
		{30068E5E-22F4-4072-A1C7-2FC5C02CBF0C}.Debug|Any CPU.ActiveCfg = Debug|Any CPU
		{30068E5E-22F4-4072-A1C7-2FC5C02CBF0C}.Debug|Any CPU.Build.0 = Debug|Any CPU
		{30068E5E-22F4-4072-A1C7-2FC5C02CBF0C}.Release|Any CPU.ActiveCfg = Release|Any CPU
		{30068E5E-22F4-4072-A1C7-2FC5C02CBF0C}.Release|Any CPU.Build.0 = Release|Any CPU
		{6FD2C930-9C2C-4A51-8607-0047A8E44B33}.Debug|Any CPU.ActiveCfg = Debug|Any CPU
		{6FD2C930-9C2C-4A51-8607-0047A8E44B33}.Debug|Any CPU.Build.0 = Debug|Any CPU
		{6FD2C930-9C2C-4A51-8607-0047A8E44B33}.Release|Any CPU.ActiveCfg = Release|Any CPU
		{6FD2C930-9C2C-4A51-8607-0047A8E44B33}.Release|Any CPU.Build.0 = Release|Any CPU
		{1725523D-5409-423F-8010-9B7D77115FEE}.Debug|Any CPU.ActiveCfg = Debug|Any CPU
		{1725523D-5409-423F-8010-9B7D77115FEE}.Debug|Any CPU.Build.0 = Debug|Any CPU
		{1725523D-5409-423F-8010-9B7D77115FEE}.Release|Any CPU.ActiveCfg = Release|Any CPU
		{1725523D-5409-423F-8010-9B7D77115FEE}.Release|Any CPU.Build.0 = Release|Any CPU
		{4B2E1AFD-C0A7-496D-89C0-9E0F78796A78}.Debug|Any CPU.ActiveCfg = Debug|Any CPU
		{4B2E1AFD-C0A7-496D-89C0-9E0F78796A78}.Debug|Any CPU.Build.0 = Debug|Any CPU
		{4B2E1AFD-C0A7-496D-89C0-9E0F78796A78}.Release|Any CPU.ActiveCfg = Release|Any CPU
		{4B2E1AFD-C0A7-496D-89C0-9E0F78796A78}.Release|Any CPU.Build.0 = Release|Any CPU
		{6D82CC32-B108-49DD-938C-75480759ABC2}.Debug|Any CPU.ActiveCfg = Debug|Any CPU
		{6D82CC32-B108-49DD-938C-75480759ABC2}.Debug|Any CPU.Build.0 = Debug|Any CPU
		{6D82CC32-B108-49DD-938C-75480759ABC2}.Release|Any CPU.ActiveCfg = Release|Any CPU
		{6D82CC32-B108-49DD-938C-75480759ABC2}.Release|Any CPU.Build.0 = Release|Any CPU
		{7A3A7B10-26F0-4908-B967-CEE026CFA96E}.Debug|Any CPU.ActiveCfg = Debug|Any CPU
		{7A3A7B10-26F0-4908-B967-CEE026CFA96E}.Debug|Any CPU.Build.0 = Debug|Any CPU
		{7A3A7B10-26F0-4908-B967-CEE026CFA96E}.Release|Any CPU.ActiveCfg = Release|Any CPU
		{7A3A7B10-26F0-4908-B967-CEE026CFA96E}.Release|Any CPU.Build.0 = Release|Any CPU
		{4B342FB1-655D-418E-BA00-7D7BF0384CB2}.Debug|Any CPU.ActiveCfg = Debug|Any CPU
		{4B342FB1-655D-418E-BA00-7D7BF0384CB2}.Debug|Any CPU.Build.0 = Debug|Any CPU
		{4B342FB1-655D-418E-BA00-7D7BF0384CB2}.Release|Any CPU.ActiveCfg = Release|Any CPU
		{4B342FB1-655D-418E-BA00-7D7BF0384CB2}.Release|Any CPU.Build.0 = Release|Any CPU
		{BA3B0733-B9C8-4D1D-9C71-F2472E9F58E7}.Debug|Any CPU.ActiveCfg = Debug|Any CPU
		{BA3B0733-B9C8-4D1D-9C71-F2472E9F58E7}.Debug|Any CPU.Build.0 = Debug|Any CPU
		{BA3B0733-B9C8-4D1D-9C71-F2472E9F58E7}.Release|Any CPU.ActiveCfg = Release|Any CPU
		{BA3B0733-B9C8-4D1D-9C71-F2472E9F58E7}.Release|Any CPU.Build.0 = Release|Any CPU
		{BC17C0EA-0188-45D5-AE94-7CD676831369}.Debug|Any CPU.ActiveCfg = Debug|Any CPU
		{BC17C0EA-0188-45D5-AE94-7CD676831369}.Debug|Any CPU.Build.0 = Debug|Any CPU
		{BC17C0EA-0188-45D5-AE94-7CD676831369}.Release|Any CPU.ActiveCfg = Release|Any CPU
		{BC17C0EA-0188-45D5-AE94-7CD676831369}.Release|Any CPU.Build.0 = Release|Any CPU
		{5EF99C45-1DEB-469F-BDDC-2F6ED522E19D}.Debug|Any CPU.ActiveCfg = Debug|Any CPU
		{5EF99C45-1DEB-469F-BDDC-2F6ED522E19D}.Debug|Any CPU.Build.0 = Debug|Any CPU
		{5EF99C45-1DEB-469F-BDDC-2F6ED522E19D}.Release|Any CPU.ActiveCfg = Release|Any CPU
		{5EF99C45-1DEB-469F-BDDC-2F6ED522E19D}.Release|Any CPU.Build.0 = Release|Any CPU
		{17EF3D85-F80A-4DC8-8E09-6DD77ACC0496}.Debug|Any CPU.ActiveCfg = Debug|Any CPU
		{17EF3D85-F80A-4DC8-8E09-6DD77ACC0496}.Debug|Any CPU.Build.0 = Debug|Any CPU
		{17EF3D85-F80A-4DC8-8E09-6DD77ACC0496}.Release|Any CPU.ActiveCfg = Release|Any CPU
		{17EF3D85-F80A-4DC8-8E09-6DD77ACC0496}.Release|Any CPU.Build.0 = Release|Any CPU
	EndGlobalSection
	GlobalSection(SolutionProperties) = preSolution
		HideSolutionNode = FALSE
	EndGlobalSection
	GlobalSection(ExtensibilityGlobals) = postSolution
		SolutionGuid = {65921F60-07E1-4339-B61D-2B56DA583F9C}
	EndGlobalSection
EndGlobal
